// !$*UTF8*$!
{
	archiveVersion = 1;
	classes = {
	};
	objectVersion = 56;
	objects = {

/* Begin PBXBuildFile section */
		366E3039A62B82343878B096 /* MangaDetailSection.swift in Sources */ = {isa = PBXBuildFile; fileRef = 366E3862D67BE66B63E2244E /* MangaDetailSection.swift */; };
		366E3050BD6893AD74637357 /* ChapterVeiwModel.swift in Sources */ = {isa = PBXBuildFile; fileRef = 366E3F7B8A136D9ED4F9B54D /* ChapterVeiwModel.swift */; };
		366E305749B48D491657DA64 /* SplashScreen.swift in Sources */ = {isa = PBXBuildFile; fileRef = 366E3A235302A6C480889CF6 /* SplashScreen.swift */; };
		366E308E8CB9F4F1A9D09C2F /* ReadingListView.swift in Sources */ = {isa = PBXBuildFile; fileRef = 366E3F86781A5C930DAB5AE9 /* ReadingListView.swift */; };
		366E30C908C3EA114B94FAB2 /* StatusFilter.swift in Sources */ = {isa = PBXBuildFile; fileRef = 366E3C7A36B742D535D0594C /* StatusFilter.swift */; };
		366E3224DC36AE3DA7B1E8F3 /* SortFilter.swift in Sources */ = {isa = PBXBuildFile; fileRef = 366E3DD43C9126019972268A /* SortFilter.swift */; };
		366E32486071FF551DC8FDED /* UserHistory.swift in Sources */ = {isa = PBXBuildFile; fileRef = 366E350F7C2A900888385C58 /* UserHistory.swift */; };
		366E3265921C3A5961775075 /* DiscoverSection.swift in Sources */ = {isa = PBXBuildFile; fileRef = 366E38B5A949CB0891D65CF7 /* DiscoverSection.swift */; };
		366E327E92DE73DBC9D87980 /* ContentRating.swift in Sources */ = {isa = PBXBuildFile; fileRef = 366E3153C3ED4D91CBDD2382 /* ContentRating.swift */; };
		366E3369C963011C89685B5D /* AuthResponse.swift in Sources */ = {isa = PBXBuildFile; fileRef = 366E3655F143A6F251DC581C /* AuthResponse.swift */; };
		366E33FB964C19F2EC4BF020 /* Order.swift in Sources */ = {isa = PBXBuildFile; fileRef = 366E3F0F0FDE05D9B1DFE945 /* Order.swift */; };
		366E34B81809B72D07A4E1A9 /* SchemaV1.swift in Sources */ = {isa = PBXBuildFile; fileRef = 366E3DEBE5DCF005EE09D30D /* SchemaV1.swift */; };
		366E34B967E712EBEB12A8E6 /* ChapterViewUpdated.swift in Sources */ = {isa = PBXBuildFile; fileRef = 366E33914557D8FFC3A36814 /* ChapterViewUpdated.swift */; };
		366E351F2EA87B97080F21A7 /* Languages.swift in Sources */ = {isa = PBXBuildFile; fileRef = 366E37604D12EBF5AF913837 /* Languages.swift */; };
		366E35BA474E034AFF8487A5 /* MangaDetailViewModel.swift in Sources */ = {isa = PBXBuildFile; fileRef = 366E3A1C8F050A308A0B054A /* MangaDetailViewModel.swift */; };
		366E36865829B8839F31A1E3 /* TagFilterSection.swift in Sources */ = {isa = PBXBuildFile; fileRef = 366E3B3327BDFD5E8632C09D /* TagFilterSection.swift */; };
		366E3717B089E57AEEC7EFEE /* ScanlationGroupView.swift in Sources */ = {isa = PBXBuildFile; fileRef = 366E36A158E2210E0166A148 /* ScanlationGroupView.swift */; };
		366E376EA0C60AFC8BD79C35 /* AccountView.swift in Sources */ = {isa = PBXBuildFile; fileRef = 366E30143FF12D2B6115EC16 /* AccountView.swift */; };
		366E38CCE6993E322612F99F /* FilterState.swift in Sources */ = {isa = PBXBuildFile; fileRef = 366E3DB6C92D7399BFD57174 /* FilterState.swift */; };
		366E3AEDE03E5C38E9433430 /* SchemaV3.swift in Sources */ = {isa = PBXBuildFile; fileRef = 366E3011BDDCBF927A68D62B /* SchemaV3.swift */; };
		366E3B39A1B744FE1801173F /* TagFilter.swift in Sources */ = {isa = PBXBuildFile; fileRef = 366E3157AEB040BF8411D9B5 /* TagFilter.swift */; };
		366E3B61BC44131E4F5E2BC5 /* FilterView.swift in Sources */ = {isa = PBXBuildFile; fileRef = 366E3CAB64C3653E38ED4921 /* FilterView.swift */; };
		366E3B86EA6C0F738D76CAC7 /* PublicationDemographicFilter.swift in Sources */ = {isa = PBXBuildFile; fileRef = 366E301EE2B72FFE3C5C97C2 /* PublicationDemographicFilter.swift */; };
		366E3BA96DC0305D8683BA21 /* SkeletonBox.swift in Sources */ = {isa = PBXBuildFile; fileRef = 366E33649CC56DF1748D845E /* SkeletonBox.swift */; };
		366E3BB7A69D5F8480B190FE /* Status.swift in Sources */ = {isa = PBXBuildFile; fileRef = 366E30218538561EB63D4FDB /* Status.swift */; };
		366E3BDB4D19CFCD9FEA5385 /* SchemaV2.swift in Sources */ = {isa = PBXBuildFile; fileRef = 366E363B02F1A82012D258D0 /* SchemaV2.swift */; };
		366E3C0FBBBA6160B3551628 /* ChapterMenu.swift in Sources */ = {isa = PBXBuildFile; fileRef = 366E3897390D6ED7A91EA598 /* ChapterMenu.swift */; };
		366E3C1BB699C931DD12F6C3 /* AboutView.swift in Sources */ = {isa = PBXBuildFile; fileRef = 366E3B4BA5CCA89355112257 /* AboutView.swift */; };
		366E3CB2BB9F97FCFA512C76 /* MigrationPlan.swift in Sources */ = {isa = PBXBuildFile; fileRef = 366E3563F1BF07DB987B22E1 /* MigrationPlan.swift */; };
		366E3CE5E1C43D0D0CFE7EB5 /* SchemaV4.swift in Sources */ = {isa = PBXBuildFile; fileRef = 366E32C3D1179DA8CD3EA89C /* SchemaV4.swift */; };
		366E3D119DB685FDA03F3A99 /* HistoryView.swift in Sources */ = {isa = PBXBuildFile; fileRef = 366E388453DB44787BD2D89D /* HistoryView.swift */; };
		366E3D63E31BDA158CFB8051 /* MangaHistoryCard.swift in Sources */ = {isa = PBXBuildFile; fileRef = 366E365AD923D38A0BA4FC76 /* MangaHistoryCard.swift */; };
		366E3DCE85A29602E9B950AF /* UserAuth.swift in Sources */ = {isa = PBXBuildFile; fileRef = 366E3CAC9805DE1027AAEA75 /* UserAuth.swift */; };
		366E3DE63EBECF2F2108D3A5 /* ContentRatingFilter.swift in Sources */ = {isa = PBXBuildFile; fileRef = 366E34132392FC3463F872DE /* ContentRatingFilter.swift */; };
		366E3F0DF4C0EAA175772995 /* Tags.swift in Sources */ = {isa = PBXBuildFile; fileRef = 366E302436DA76076F16AE0B /* Tags.swift */; };
		366E3F130B4A966E401277B1 /* LoginPage.swift in Sources */ = {isa = PBXBuildFile; fileRef = 366E3DD796A3A1DE08C3042F /* LoginPage.swift */; };
		366E3FAF9CA91C72579B0377 /* PublicationDemographic.swift in Sources */ = {isa = PBXBuildFile; fileRef = 366E39291CE6DC8F9F7E28A6 /* PublicationDemographic.swift */; };
		9C12B23E2B16A15B000FB71F /* MangaReaderApp.swift in Sources */ = {isa = PBXBuildFile; fileRef = 9C12B23D2B16A15B000FB71F /* MangaReaderApp.swift */; };
		9C12B2402B16A15B000FB71F /* ContentView.swift in Sources */ = {isa = PBXBuildFile; fileRef = 9C12B23F2B16A15B000FB71F /* ContentView.swift */; };
		9C12B2442B16A15C000FB71F /* Assets.xcassets in Resources */ = {isa = PBXBuildFile; fileRef = 9C12B2432B16A15C000FB71F /* Assets.xcassets */; };
		9C12B2482B16A15C000FB71F /* Preview Assets.xcassets in Resources */ = {isa = PBXBuildFile; fileRef = 9C12B2472B16A15C000FB71F /* Preview Assets.xcassets */; };
		9C12B2502B16A313000FB71F /* Home.swift in Sources */ = {isa = PBXBuildFile; fileRef = 9C12B24F2B16A313000FB71F /* Home.swift */; };
		9C12B2522B16A31E000FB71F /* Search.swift in Sources */ = {isa = PBXBuildFile; fileRef = 9C12B2512B16A31E000FB71F /* Search.swift */; };
		9C12B2552B16A70E000FB71F /* MockMangaData.json in Resources */ = {isa = PBXBuildFile; fileRef = 9C12B2542B16A70E000FB71F /* MockMangaData.json */; };
		9C12B2582B16A757000FB71F /* Manga.swift in Sources */ = {isa = PBXBuildFile; fileRef = 9C12B2572B16A757000FB71F /* Manga.swift */; };
		9C12B25A2B16A84D000FB71F /* MangaResponse.swift in Sources */ = {isa = PBXBuildFile; fileRef = 9C12B2592B16A84D000FB71F /* MangaResponse.swift */; };
		9C12B25C2B16A870000FB71F /* MangaAttributes.swift in Sources */ = {isa = PBXBuildFile; fileRef = 9C12B25B2B16A870000FB71F /* MangaAttributes.swift */; };
		9C12B25E2B16A8A3000FB71F /* Util.swift in Sources */ = {isa = PBXBuildFile; fileRef = 9C12B25D2B16A8A3000FB71F /* Util.swift */; };
		9C12B2612B16A9FC000FB71F /* MangaCardView.swift in Sources */ = {isa = PBXBuildFile; fileRef = 9C12B2602B16A9FC000FB71F /* MangaCardView.swift */; };
		9C12B2632B16BD6E000FB71F /* MangaCoverArt.swift in Sources */ = {isa = PBXBuildFile; fileRef = 9C12B2622B16BD6E000FB71F /* MangaCoverArt.swift */; };
		9C12B2662B16C4DA000FB71F /* WrappingHStack in Frameworks */ = {isa = PBXBuildFile; productRef = 9C12B2652B16C4DA000FB71F /* WrappingHStack */; };
		9C12B26B2B16CA98000FB71F /* Text.swift in Sources */ = {isa = PBXBuildFile; fileRef = 9C12B26A2B16CA98000FB71F /* Text.swift */; };
		9CC9E0552B1ACD3F00995321 /* MockAtHomeResponse.json in Resources */ = {isa = PBXBuildFile; fileRef = 9CC9E0542B1ACD3F00995321 /* MockAtHomeResponse.json */; };
		9CC9E0572B1ACD8E00995321 /* AtHomeReponse.swift in Sources */ = {isa = PBXBuildFile; fileRef = 9CC9E0562B1ACD8E00995321 /* AtHomeReponse.swift */; };
		9CC9E0592B1ACE5D00995321 /* ChapterView.swift in Sources */ = {isa = PBXBuildFile; fileRef = 9CC9E0582B1ACE5D00995321 /* ChapterView.swift */; };
		9CE57ECE2B16E04100D4D4A6 /* MangaDetailView.swift in Sources */ = {isa = PBXBuildFile; fileRef = 9CE57ECD2B16E04100D4D4A6 /* MangaDetailView.swift */; };
		9CE57ED02B16EAFB00D4D4A6 /* MockSingleData.json in Resources */ = {isa = PBXBuildFile; fileRef = 9CE57ECF2B16EAFB00D4D4A6 /* MockSingleData.json */; };
		9CE57ED22B16F03B00D4D4A6 /* ExpandableText.swift in Sources */ = {isa = PBXBuildFile; fileRef = 9CE57ED12B16F03B00D4D4A6 /* ExpandableText.swift */; };
		9CEA88E32B181117009017D0 /* ChapterResponse.swift in Sources */ = {isa = PBXBuildFile; fileRef = 9CEA88E22B181117009017D0 /* ChapterResponse.swift */; };
		9CEA88E52B181140009017D0 /* Chapter.swift in Sources */ = {isa = PBXBuildFile; fileRef = 9CEA88E42B181140009017D0 /* Chapter.swift */; };
		9CEA88E72B181296009017D0 /* MockChapterResponse.json in Resources */ = {isa = PBXBuildFile; fileRef = 9CEA88E62B181296009017D0 /* MockChapterResponse.json */; };
/* End PBXBuildFile section */

/* Begin PBXFileReference section */
		366E3011BDDCBF927A68D62B /* SchemaV3.swift */ = {isa = PBXFileReference; fileEncoding = 4; lastKnownFileType = sourcecode.swift; path = SchemaV3.swift; sourceTree = "<group>"; };
		366E30143FF12D2B6115EC16 /* AccountView.swift */ = {isa = PBXFileReference; fileEncoding = 4; lastKnownFileType = sourcecode.swift; path = AccountView.swift; sourceTree = "<group>"; };
		366E301EE2B72FFE3C5C97C2 /* PublicationDemographicFilter.swift */ = {isa = PBXFileReference; fileEncoding = 4; lastKnownFileType = sourcecode.swift; path = PublicationDemographicFilter.swift; sourceTree = "<group>"; };
		366E30218538561EB63D4FDB /* Status.swift */ = {isa = PBXFileReference; fileEncoding = 4; lastKnownFileType = sourcecode.swift; path = Status.swift; sourceTree = "<group>"; };
		366E302436DA76076F16AE0B /* Tags.swift */ = {isa = PBXFileReference; fileEncoding = 4; lastKnownFileType = sourcecode.swift; path = Tags.swift; sourceTree = "<group>"; };
		366E3153C3ED4D91CBDD2382 /* ContentRating.swift */ = {isa = PBXFileReference; fileEncoding = 4; lastKnownFileType = sourcecode.swift; path = ContentRating.swift; sourceTree = "<group>"; };
		366E3157AEB040BF8411D9B5 /* TagFilter.swift */ = {isa = PBXFileReference; fileEncoding = 4; lastKnownFileType = sourcecode.swift; path = TagFilter.swift; sourceTree = "<group>"; };
		366E32C3D1179DA8CD3EA89C /* SchemaV4.swift */ = {isa = PBXFileReference; fileEncoding = 4; lastKnownFileType = sourcecode.swift; path = SchemaV4.swift; sourceTree = "<group>"; };
		366E33649CC56DF1748D845E /* SkeletonBox.swift */ = {isa = PBXFileReference; fileEncoding = 4; lastKnownFileType = sourcecode.swift; path = SkeletonBox.swift; sourceTree = "<group>"; };
		366E33914557D8FFC3A36814 /* ChapterViewUpdated.swift */ = {isa = PBXFileReference; fileEncoding = 4; lastKnownFileType = sourcecode.swift; path = ChapterViewUpdated.swift; sourceTree = "<group>"; };
		366E34132392FC3463F872DE /* ContentRatingFilter.swift */ = {isa = PBXFileReference; fileEncoding = 4; lastKnownFileType = sourcecode.swift; path = ContentRatingFilter.swift; sourceTree = "<group>"; };
		366E350F7C2A900888385C58 /* UserHistory.swift */ = {isa = PBXFileReference; fileEncoding = 4; lastKnownFileType = sourcecode.swift; path = UserHistory.swift; sourceTree = "<group>"; };
		366E3563F1BF07DB987B22E1 /* MigrationPlan.swift */ = {isa = PBXFileReference; fileEncoding = 4; lastKnownFileType = sourcecode.swift; path = MigrationPlan.swift; sourceTree = "<group>"; };
		366E363B02F1A82012D258D0 /* SchemaV2.swift */ = {isa = PBXFileReference; fileEncoding = 4; lastKnownFileType = sourcecode.swift; path = SchemaV2.swift; sourceTree = "<group>"; };
		366E3655F143A6F251DC581C /* AuthResponse.swift */ = {isa = PBXFileReference; fileEncoding = 4; lastKnownFileType = sourcecode.swift; path = AuthResponse.swift; sourceTree = "<group>"; };
		366E365AD923D38A0BA4FC76 /* MangaHistoryCard.swift */ = {isa = PBXFileReference; fileEncoding = 4; lastKnownFileType = sourcecode.swift; path = MangaHistoryCard.swift; sourceTree = "<group>"; };
		366E36A158E2210E0166A148 /* ScanlationGroupView.swift */ = {isa = PBXFileReference; fileEncoding = 4; lastKnownFileType = sourcecode.swift; path = ScanlationGroupView.swift; sourceTree = "<group>"; };
		366E37604D12EBF5AF913837 /* Languages.swift */ = {isa = PBXFileReference; fileEncoding = 4; lastKnownFileType = sourcecode.swift; path = Languages.swift; sourceTree = "<group>"; };
		366E3862D67BE66B63E2244E /* MangaDetailSection.swift */ = {isa = PBXFileReference; fileEncoding = 4; lastKnownFileType = sourcecode.swift; path = MangaDetailSection.swift; sourceTree = "<group>"; };
		366E388453DB44787BD2D89D /* HistoryView.swift */ = {isa = PBXFileReference; fileEncoding = 4; lastKnownFileType = sourcecode.swift; path = HistoryView.swift; sourceTree = "<group>"; };
		366E3897390D6ED7A91EA598 /* ChapterMenu.swift */ = {isa = PBXFileReference; fileEncoding = 4; lastKnownFileType = sourcecode.swift; path = ChapterMenu.swift; sourceTree = "<group>"; };
		366E38B5A949CB0891D65CF7 /* DiscoverSection.swift */ = {isa = PBXFileReference; fileEncoding = 4; lastKnownFileType = sourcecode.swift; path = DiscoverSection.swift; sourceTree = "<group>"; };
		366E39291CE6DC8F9F7E28A6 /* PublicationDemographic.swift */ = {isa = PBXFileReference; fileEncoding = 4; lastKnownFileType = sourcecode.swift; path = PublicationDemographic.swift; sourceTree = "<group>"; };
		366E3A1C8F050A308A0B054A /* MangaDetailViewModel.swift */ = {isa = PBXFileReference; fileEncoding = 4; lastKnownFileType = sourcecode.swift; path = MangaDetailViewModel.swift; sourceTree = "<group>"; };
		366E3A235302A6C480889CF6 /* SplashScreen.swift */ = {isa = PBXFileReference; fileEncoding = 4; lastKnownFileType = sourcecode.swift; path = SplashScreen.swift; sourceTree = "<group>"; };
		366E3B3327BDFD5E8632C09D /* TagFilterSection.swift */ = {isa = PBXFileReference; fileEncoding = 4; lastKnownFileType = sourcecode.swift; path = TagFilterSection.swift; sourceTree = "<group>"; };
		366E3B4BA5CCA89355112257 /* AboutView.swift */ = {isa = PBXFileReference; fileEncoding = 4; lastKnownFileType = sourcecode.swift; path = AboutView.swift; sourceTree = "<group>"; };
		366E3C7A36B742D535D0594C /* StatusFilter.swift */ = {isa = PBXFileReference; fileEncoding = 4; lastKnownFileType = sourcecode.swift; path = StatusFilter.swift; sourceTree = "<group>"; };
		366E3CAB64C3653E38ED4921 /* FilterView.swift */ = {isa = PBXFileReference; fileEncoding = 4; lastKnownFileType = sourcecode.swift; path = FilterView.swift; sourceTree = "<group>"; };
		366E3CAC9805DE1027AAEA75 /* UserAuth.swift */ = {isa = PBXFileReference; fileEncoding = 4; lastKnownFileType = sourcecode.swift; path = UserAuth.swift; sourceTree = "<group>"; };
		366E3DB6C92D7399BFD57174 /* FilterState.swift */ = {isa = PBXFileReference; fileEncoding = 4; lastKnownFileType = sourcecode.swift; path = FilterState.swift; sourceTree = "<group>"; };
		366E3DD43C9126019972268A /* SortFilter.swift */ = {isa = PBXFileReference; fileEncoding = 4; lastKnownFileType = sourcecode.swift; path = SortFilter.swift; sourceTree = "<group>"; };
		366E3DD796A3A1DE08C3042F /* LoginPage.swift */ = {isa = PBXFileReference; fileEncoding = 4; lastKnownFileType = sourcecode.swift; path = LoginPage.swift; sourceTree = "<group>"; };
		366E3DEBE5DCF005EE09D30D /* SchemaV1.swift */ = {isa = PBXFileReference; fileEncoding = 4; lastKnownFileType = sourcecode.swift; path = SchemaV1.swift; sourceTree = "<group>"; };
		366E3F0F0FDE05D9B1DFE945 /* Order.swift */ = {isa = PBXFileReference; fileEncoding = 4; lastKnownFileType = sourcecode.swift; path = Order.swift; sourceTree = "<group>"; };
		366E3F7B8A136D9ED4F9B54D /* ChapterVeiwModel.swift */ = {isa = PBXFileReference; fileEncoding = 4; lastKnownFileType = sourcecode.swift; path = ChapterVeiwModel.swift; sourceTree = "<group>"; };
		366E3F86781A5C930DAB5AE9 /* ReadingListView.swift */ = {isa = PBXFileReference; fileEncoding = 4; lastKnownFileType = sourcecode.swift; path = ReadingListView.swift; sourceTree = "<group>"; };
		9C12B23A2B16A15B000FB71F /* MangaReader.app */ = {isa = PBXFileReference; explicitFileType = wrapper.application; includeInIndex = 0; path = MangaReader.app; sourceTree = BUILT_PRODUCTS_DIR; };
		9C12B23D2B16A15B000FB71F /* MangaReaderApp.swift */ = {isa = PBXFileReference; lastKnownFileType = sourcecode.swift; path = MangaReaderApp.swift; sourceTree = "<group>"; };
		9C12B23F2B16A15B000FB71F /* ContentView.swift */ = {isa = PBXFileReference; lastKnownFileType = sourcecode.swift; path = ContentView.swift; sourceTree = "<group>"; };
		9C12B2432B16A15C000FB71F /* Assets.xcassets */ = {isa = PBXFileReference; lastKnownFileType = folder.assetcatalog; path = Assets.xcassets; sourceTree = "<group>"; };
		9C12B2452B16A15C000FB71F /* MangaReader.entitlements */ = {isa = PBXFileReference; lastKnownFileType = text.plist.entitlements; path = MangaReader.entitlements; sourceTree = "<group>"; };
		9C12B2472B16A15C000FB71F /* Preview Assets.xcassets */ = {isa = PBXFileReference; lastKnownFileType = folder.assetcatalog; path = "Preview Assets.xcassets"; sourceTree = "<group>"; };
		9C12B24F2B16A313000FB71F /* Home.swift */ = {isa = PBXFileReference; lastKnownFileType = sourcecode.swift; path = Home.swift; sourceTree = "<group>"; };
		9C12B2512B16A31E000FB71F /* Search.swift */ = {isa = PBXFileReference; lastKnownFileType = sourcecode.swift; path = Search.swift; sourceTree = "<group>"; };
		9C12B2542B16A70E000FB71F /* MockMangaData.json */ = {isa = PBXFileReference; lastKnownFileType = text.json; path = MockMangaData.json; sourceTree = "<group>"; };
		9C12B2572B16A757000FB71F /* Manga.swift */ = {isa = PBXFileReference; lastKnownFileType = sourcecode.swift; path = Manga.swift; sourceTree = "<group>"; };
		9C12B2592B16A84D000FB71F /* MangaResponse.swift */ = {isa = PBXFileReference; lastKnownFileType = sourcecode.swift; path = MangaResponse.swift; sourceTree = "<group>"; };
		9C12B25B2B16A870000FB71F /* MangaAttributes.swift */ = {isa = PBXFileReference; lastKnownFileType = sourcecode.swift; path = MangaAttributes.swift; sourceTree = "<group>"; };
		9C12B25D2B16A8A3000FB71F /* Util.swift */ = {isa = PBXFileReference; lastKnownFileType = sourcecode.swift; path = Util.swift; sourceTree = "<group>"; };
		9C12B2602B16A9FC000FB71F /* MangaCardView.swift */ = {isa = PBXFileReference; lastKnownFileType = sourcecode.swift; path = MangaCardView.swift; sourceTree = "<group>"; usesTabs = 0; };
		9C12B2622B16BD6E000FB71F /* MangaCoverArt.swift */ = {isa = PBXFileReference; lastKnownFileType = sourcecode.swift; path = MangaCoverArt.swift; sourceTree = "<group>"; };
		9C12B26A2B16CA98000FB71F /* Text.swift */ = {isa = PBXFileReference; lastKnownFileType = sourcecode.swift; path = Text.swift; sourceTree = "<group>"; };
		9CC9E0542B1ACD3F00995321 /* MockAtHomeResponse.json */ = {isa = PBXFileReference; lastKnownFileType = text.json; path = MockAtHomeResponse.json; sourceTree = "<group>"; };
		9CC9E0562B1ACD8E00995321 /* AtHomeReponse.swift */ = {isa = PBXFileReference; lastKnownFileType = sourcecode.swift; path = AtHomeReponse.swift; sourceTree = "<group>"; };
		9CC9E0582B1ACE5D00995321 /* ChapterView.swift */ = {isa = PBXFileReference; lastKnownFileType = sourcecode.swift; path = ChapterView.swift; sourceTree = "<group>"; };
		9CE57ECD2B16E04100D4D4A6 /* MangaDetailView.swift */ = {isa = PBXFileReference; lastKnownFileType = sourcecode.swift; path = MangaDetailView.swift; sourceTree = "<group>"; };
		9CE57ECF2B16EAFB00D4D4A6 /* MockSingleData.json */ = {isa = PBXFileReference; lastKnownFileType = text.json; path = MockSingleData.json; sourceTree = "<group>"; };
		9CE57ED12B16F03B00D4D4A6 /* ExpandableText.swift */ = {isa = PBXFileReference; lastKnownFileType = sourcecode.swift; path = ExpandableText.swift; sourceTree = "<group>"; };
		9CEA88E22B181117009017D0 /* ChapterResponse.swift */ = {isa = PBXFileReference; lastKnownFileType = sourcecode.swift; path = ChapterResponse.swift; sourceTree = "<group>"; };
		9CEA88E42B181140009017D0 /* Chapter.swift */ = {isa = PBXFileReference; lastKnownFileType = sourcecode.swift; path = Chapter.swift; sourceTree = "<group>"; };
		9CEA88E62B181296009017D0 /* MockChapterResponse.json */ = {isa = PBXFileReference; lastKnownFileType = text.json; path = MockChapterResponse.json; sourceTree = "<group>"; };
/* End PBXFileReference section */

/* Begin PBXFrameworksBuildPhase section */
		9C12B2372B16A15B000FB71F /* Frameworks */ = {
			isa = PBXFrameworksBuildPhase;
			buildActionMask = 2147483647;
			files = (
				9C12B2662B16C4DA000FB71F /* WrappingHStack in Frameworks */,
			);
			runOnlyForDeploymentPostprocessing = 0;
		};
/* End PBXFrameworksBuildPhase section */

/* Begin PBXGroup section */
		366E302181B8E3C0B70B829C /* Filters */ = {
			isa = PBXGroup;
			children = (
				366E3C7A36B742D535D0594C /* StatusFilter.swift */,
				366E301EE2B72FFE3C5C97C2 /* PublicationDemographicFilter.swift */,
				366E34132392FC3463F872DE /* ContentRatingFilter.swift */,
				366E3157AEB040BF8411D9B5 /* TagFilter.swift */,
				366E3B3327BDFD5E8632C09D /* TagFilterSection.swift */,
				366E3DD43C9126019972268A /* SortFilter.swift */,
			);
			path = Filters;
			sourceTree = "<group>";
		};
		366E32D0554BE5F1B579DC2A /* ViewModels */ = {
			isa = PBXGroup;
			children = (
				366E3F7B8A136D9ED4F9B54D /* ChapterVeiwModel.swift */,
				366E3A1C8F050A308A0B054A /* MangaDetailViewModel.swift */,
			);
			path = ViewModels;
			sourceTree = "<group>";
		};
		366E33E617E5B695BCDC3F01 /* Enums */ = {
			isa = PBXGroup;
			children = (
				366E3F0F0FDE05D9B1DFE945 /* Order.swift */,
				366E30218538561EB63D4FDB /* Status.swift */,
				366E39291CE6DC8F9F7E28A6 /* PublicationDemographic.swift */,
				366E3153C3ED4D91CBDD2382 /* ContentRating.swift */,
				366E37604D12EBF5AF913837 /* Languages.swift */,
			);
			path = Enums;
			sourceTree = "<group>";
		};
		366E364E55492700A2EA1E30 /* iPadOSViews */ = {
			isa = PBXGroup;
			children = (
			);
			path = iPadOSViews;
			sourceTree = "<group>";
		};
		366E3691364ABC6BE531E382 /* Sections */ = {
			isa = PBXGroup;
			children = (
				366E38B5A949CB0891D65CF7 /* DiscoverSection.swift */,
				366E3862D67BE66B63E2244E /* MangaDetailSection.swift */,
			);
			path = Sections;
			sourceTree = "<group>";
		};
		366E3C7185457CCCD8064333 /* VersionedSchemas */ = {
			isa = PBXGroup;
			children = (
				366E3DEBE5DCF005EE09D30D /* SchemaV1.swift */,
				366E363B02F1A82012D258D0 /* SchemaV2.swift */,
				366E3563F1BF07DB987B22E1 /* MigrationPlan.swift */,
				366E3011BDDCBF927A68D62B /* SchemaV3.swift */,
				366E32C3D1179DA8CD3EA89C /* SchemaV4.swift */,
			);
			path = VersionedSchemas;
			sourceTree = "<group>";
		};
		366E3D3F4D3B32FE7CEDA45A /* User */ = {
			isa = PBXGroup;
			children = (
				366E3CAC9805DE1027AAEA75 /* UserAuth.swift */,
				366E3655F143A6F251DC581C /* AuthResponse.swift */,
			);
			path = User;
			sourceTree = "<group>";
		};
		9C12B2312B16A15B000FB71F = {
			isa = PBXGroup;
			children = (
				9C12B23C2B16A15B000FB71F /* MangaReader */,
				9C12B23B2B16A15B000FB71F /* Products */,
			);
			sourceTree = "<group>";
		};
		9C12B23B2B16A15B000FB71F /* Products */ = {
			isa = PBXGroup;
			children = (
				9C12B23A2B16A15B000FB71F /* MangaReader.app */,
			);
			name = Products;
			sourceTree = "<group>";
		};
		9C12B23C2B16A15B000FB71F /* MangaReader */ = {
			isa = PBXGroup;
			children = (
				9C12B2692B16CA86000FB71F /* Extentions */,
				9C12B25F2B16A983000FB71F /* Components */,
				9C12B2562B16A748000FB71F /* Models */,
				9C12B2532B16A6D1000FB71F /* MockData */,
				9C12B24E2B16A2F2000FB71F /* Pages */,
				9C12B23D2B16A15B000FB71F /* MangaReaderApp.swift */,
				9C12B23F2B16A15B000FB71F /* ContentView.swift */,
				9C12B2432B16A15C000FB71F /* Assets.xcassets */,
				9C12B2452B16A15C000FB71F /* MangaReader.entitlements */,
				9C12B2462B16A15C000FB71F /* Preview Content */,
				366E32D0554BE5F1B579DC2A /* ViewModels */,
			);
			path = MangaReader;
			sourceTree = "<group>";
		};
		9C12B2462B16A15C000FB71F /* Preview Content */ = {
			isa = PBXGroup;
			children = (
				9C12B2472B16A15C000FB71F /* Preview Assets.xcassets */,
			);
			path = "Preview Content";
			sourceTree = "<group>";
		};
		9C12B24E2B16A2F2000FB71F /* Pages */ = {
			isa = PBXGroup;
			children = (
				9C12B24F2B16A313000FB71F /* Home.swift */,
				9C12B2512B16A31E000FB71F /* Search.swift */,
				9CE57ECD2B16E04100D4D4A6 /* MangaDetailView.swift */,
				9CC9E0582B1ACE5D00995321 /* ChapterView.swift */,
				366E3CAB64C3653E38ED4921 /* FilterView.swift */,
				366E30143FF12D2B6115EC16 /* AccountView.swift */,
				366E388453DB44787BD2D89D /* HistoryView.swift */,
				366E3DD796A3A1DE08C3042F /* LoginPage.swift */,
				366E3F86781A5C930DAB5AE9 /* ReadingListView.swift */,
				366E3A235302A6C480889CF6 /* SplashScreen.swift */,
				366E36A158E2210E0166A148 /* ScanlationGroupView.swift */,
				366E364E55492700A2EA1E30 /* iPadOSViews */,
				366E3B4BA5CCA89355112257 /* AboutView.swift */,
				366E33914557D8FFC3A36814 /* ChapterViewUpdated.swift */,
			);
			path = Pages;
			sourceTree = "<group>";
		};
		9C12B2532B16A6D1000FB71F /* MockData */ = {
			isa = PBXGroup;
			children = (
				9C12B2542B16A70E000FB71F /* MockMangaData.json */,
				9CE57ECF2B16EAFB00D4D4A6 /* MockSingleData.json */,
				9CEA88E62B181296009017D0 /* MockChapterResponse.json */,
				9CC9E0542B1ACD3F00995321 /* MockAtHomeResponse.json */,
			);
			path = MockData;
			sourceTree = "<group>";
		};
		9C12B2562B16A748000FB71F /* Models */ = {
			isa = PBXGroup;
			children = (
				9C12B2572B16A757000FB71F /* Manga.swift */,
				9C12B2592B16A84D000FB71F /* MangaResponse.swift */,
				9C12B25B2B16A870000FB71F /* MangaAttributes.swift */,
				9C12B25D2B16A8A3000FB71F /* Util.swift */,
				9C12B2622B16BD6E000FB71F /* MangaCoverArt.swift */,
				9CEA88E22B181117009017D0 /* ChapterResponse.swift */,
				9CEA88E42B181140009017D0 /* Chapter.swift */,
				9CC9E0562B1ACD8E00995321 /* AtHomeReponse.swift */,
				366E33E617E5B695BCDC3F01 /* Enums */,
				366E3DB6C92D7399BFD57174 /* FilterState.swift */,
				366E302436DA76076F16AE0B /* Tags.swift */,
				366E3D3F4D3B32FE7CEDA45A /* User */,
				366E3C7185457CCCD8064333 /* VersionedSchemas */,
			);
			path = Models;
			sourceTree = "<group>";
		};
		9C12B25F2B16A983000FB71F /* Components */ = {
			isa = PBXGroup;
			children = (
				9C5944A62B3C78A200AC4DBE /* ChapterView */,
				9C12B2602B16A9FC000FB71F /* MangaCardView.swift */,
				9CE57ED12B16F03B00D4D4A6 /* ExpandableText.swift */,
				366E302181B8E3C0B70B829C /* Filters */,
				366E33649CC56DF1748D845E /* SkeletonBox.swift */,
				366E365AD923D38A0BA4FC76 /* MangaHistoryCard.swift */,
				366E350F7C2A900888385C58 /* UserHistory.swift */,
				366E3897390D6ED7A91EA598 /* ChapterMenu.swift */,
				366E3691364ABC6BE531E382 /* Sections */,
			);
			path = Components;
			sourceTree = "<group>";
		};
		9C12B2692B16CA86000FB71F /* Extentions */ = {
			isa = PBXGroup;
			children = (
				9C12B26A2B16CA98000FB71F /* Text.swift */,
			);
			path = Extentions;
			sourceTree = "<group>";
		};
		9C5944A62B3C78A200AC4DBE /* ChapterView */ = {
			isa = PBXGroup;
			children = (
			);
			path = ChapterView;
			sourceTree = "<group>";
		};
/* End PBXGroup section */

/* Begin PBXNativeTarget section */
		9C12B2392B16A15B000FB71F /* MangaReader */ = {
			isa = PBXNativeTarget;
			buildConfigurationList = 9C12B24B2B16A15C000FB71F /* Build configuration list for PBXNativeTarget "MangaReader" */;
			buildPhases = (
				9C12B2362B16A15B000FB71F /* Sources */,
				9C12B2372B16A15B000FB71F /* Frameworks */,
				9C12B2382B16A15B000FB71F /* Resources */,
			);
			buildRules = (
			);
			dependencies = (
			);
			name = MangaReader;
			packageProductDependencies = (
				9C12B2652B16C4DA000FB71F /* WrappingHStack */,
			);
			productName = MangaReader;
			productReference = 9C12B23A2B16A15B000FB71F /* MangaReader.app */;
			productType = "com.apple.product-type.application";
		};
/* End PBXNativeTarget section */

/* Begin PBXProject section */
		9C12B2322B16A15B000FB71F /* Project object */ = {
			isa = PBXProject;
			attributes = {
				BuildIndependentTargetsInParallel = 1;
				LastSwiftUpdateCheck = 1500;
				LastUpgradeCheck = 1500;
				TargetAttributes = {
					9C12B2392B16A15B000FB71F = {
						CreatedOnToolsVersion = 15.0.1;
					};
				};
			};
			buildConfigurationList = 9C12B2352B16A15B000FB71F /* Build configuration list for PBXProject "MangaReader" */;
			compatibilityVersion = "Xcode 14.0";
			developmentRegion = en;
			hasScannedForEncodings = 0;
			knownRegions = (
				en,
				Base,
			);
			mainGroup = 9C12B2312B16A15B000FB71F;
			packageReferences = (
				9C12B2642B16C4DA000FB71F /* XCRemoteSwiftPackageReference "WrappingHStack" */,
			);
			productRefGroup = 9C12B23B2B16A15B000FB71F /* Products */;
			projectDirPath = "";
			projectRoot = "";
			targets = (
				9C12B2392B16A15B000FB71F /* MangaReader */,
			);
		};
/* End PBXProject section */

/* Begin PBXResourcesBuildPhase section */
		9C12B2382B16A15B000FB71F /* Resources */ = {
			isa = PBXResourcesBuildPhase;
			buildActionMask = 2147483647;
			files = (
				9CC9E0552B1ACD3F00995321 /* MockAtHomeResponse.json in Resources */,
				9C12B2482B16A15C000FB71F /* Preview Assets.xcassets in Resources */,
				9CE57ED02B16EAFB00D4D4A6 /* MockSingleData.json in Resources */,
				9CEA88E72B181296009017D0 /* MockChapterResponse.json in Resources */,
				9C12B2442B16A15C000FB71F /* Assets.xcassets in Resources */,
				9C12B2552B16A70E000FB71F /* MockMangaData.json in Resources */,
			);
			runOnlyForDeploymentPostprocessing = 0;
		};
/* End PBXResourcesBuildPhase section */

/* Begin PBXSourcesBuildPhase section */
		9C12B2362B16A15B000FB71F /* Sources */ = {
			isa = PBXSourcesBuildPhase;
			buildActionMask = 2147483647;
			files = (
				9C12B2582B16A757000FB71F /* Manga.swift in Sources */,
				9C12B25E2B16A8A3000FB71F /* Util.swift in Sources */,
				9CC9E0592B1ACE5D00995321 /* ChapterView.swift in Sources */,
				9CE57ED22B16F03B00D4D4A6 /* ExpandableText.swift in Sources */,
				9CEA88E32B181117009017D0 /* ChapterResponse.swift in Sources */,
				9C12B2402B16A15B000FB71F /* ContentView.swift in Sources */,
				9C12B2612B16A9FC000FB71F /* MangaCardView.swift in Sources */,
				9C12B2632B16BD6E000FB71F /* MangaCoverArt.swift in Sources */,
				9C12B25C2B16A870000FB71F /* MangaAttributes.swift in Sources */,
				9CC9E0572B1ACD8E00995321 /* AtHomeReponse.swift in Sources */,
				9C12B2522B16A31E000FB71F /* Search.swift in Sources */,
				9C12B2502B16A313000FB71F /* Home.swift in Sources */,
				9C12B23E2B16A15B000FB71F /* MangaReaderApp.swift in Sources */,
				9C12B26B2B16CA98000FB71F /* Text.swift in Sources */,
				9CE57ECE2B16E04100D4D4A6 /* MangaDetailView.swift in Sources */,
				9C12B25A2B16A84D000FB71F /* MangaResponse.swift in Sources */,
				9CEA88E52B181140009017D0 /* Chapter.swift in Sources */,
				366E3B61BC44131E4F5E2BC5 /* FilterView.swift in Sources */,
				366E33FB964C19F2EC4BF020 /* Order.swift in Sources */,
				366E3BB7A69D5F8480B190FE /* Status.swift in Sources */,
				366E3FAF9CA91C72579B0377 /* PublicationDemographic.swift in Sources */,
				366E327E92DE73DBC9D87980 /* ContentRating.swift in Sources */,
				366E38CCE6993E322612F99F /* FilterState.swift in Sources */,
				366E30C908C3EA114B94FAB2 /* StatusFilter.swift in Sources */,
				366E3B86EA6C0F738D76CAC7 /* PublicationDemographicFilter.swift in Sources */,
				366E3DE63EBECF2F2108D3A5 /* ContentRatingFilter.swift in Sources */,
				366E3B39A1B744FE1801173F /* TagFilter.swift in Sources */,
				366E3F0DF4C0EAA175772995 /* Tags.swift in Sources */,
				366E36865829B8839F31A1E3 /* TagFilterSection.swift in Sources */,
				366E376EA0C60AFC8BD79C35 /* AccountView.swift in Sources */,
				366E3D119DB685FDA03F3A99 /* HistoryView.swift in Sources */,
				366E3DCE85A29602E9B950AF /* UserAuth.swift in Sources */,
				366E3F130B4A966E401277B1 /* LoginPage.swift in Sources */,
				366E3369C963011C89685B5D /* AuthResponse.swift in Sources */,
				366E3BA96DC0305D8683BA21 /* SkeletonBox.swift in Sources */,
				366E308E8CB9F4F1A9D09C2F /* ReadingListView.swift in Sources */,
				366E305749B48D491657DA64 /* SplashScreen.swift in Sources */,
				366E351F2EA87B97080F21A7 /* Languages.swift in Sources */,
				366E34B81809B72D07A4E1A9 /* SchemaV1.swift in Sources */,
				366E3BDB4D19CFCD9FEA5385 /* SchemaV2.swift in Sources */,
				366E3CB2BB9F97FCFA512C76 /* MigrationPlan.swift in Sources */,
				366E3224DC36AE3DA7B1E8F3 /* SortFilter.swift in Sources */,
				366E3AEDE03E5C38E9433430 /* SchemaV3.swift in Sources */,
				366E3D63E31BDA158CFB8051 /* MangaHistoryCard.swift in Sources */,
				366E32486071FF551DC8FDED /* UserHistory.swift in Sources */,
				366E3C0FBBBA6160B3551628 /* ChapterMenu.swift in Sources */,
				366E3717B089E57AEEC7EFEE /* ScanlationGroupView.swift in Sources */,
				366E3C1BB699C931DD12F6C3 /* AboutView.swift in Sources */,
				366E3CE5E1C43D0D0CFE7EB5 /* SchemaV4.swift in Sources */,
				366E3265921C3A5961775075 /* DiscoverSection.swift in Sources */,
				366E3050BD6893AD74637357 /* ChapterVeiwModel.swift in Sources */,
				366E35BA474E034AFF8487A5 /* MangaDetailViewModel.swift in Sources */,
				366E3039A62B82343878B096 /* MangaDetailSection.swift in Sources */,
				366E34B967E712EBEB12A8E6 /* ChapterViewUpdated.swift in Sources */,
			);
			runOnlyForDeploymentPostprocessing = 0;
		};
/* End PBXSourcesBuildPhase section */

/* Begin XCBuildConfiguration section */
		9C12B2492B16A15C000FB71F /* Debug */ = {
			isa = XCBuildConfiguration;
			buildSettings = {
				ALWAYS_SEARCH_USER_PATHS = NO;
				ASSETCATALOG_COMPILER_GENERATE_SWIFT_ASSET_SYMBOL_EXTENSIONS = YES;
				CLANG_ANALYZER_NONNULL = YES;
				CLANG_ANALYZER_NUMBER_OBJECT_CONVERSION = YES_AGGRESSIVE;
				CLANG_CXX_LANGUAGE_STANDARD = "gnu++20";
				CLANG_ENABLE_MODULES = YES;
				CLANG_ENABLE_OBJC_ARC = YES;
				CLANG_ENABLE_OBJC_WEAK = YES;
				CLANG_WARN_BLOCK_CAPTURE_AUTORELEASING = YES;
				CLANG_WARN_BOOL_CONVERSION = YES;
				CLANG_WARN_COMMA = YES;
				CLANG_WARN_CONSTANT_CONVERSION = YES;
				CLANG_WARN_DEPRECATED_OBJC_IMPLEMENTATIONS = YES;
				CLANG_WARN_DIRECT_OBJC_ISA_USAGE = YES_ERROR;
				CLANG_WARN_DOCUMENTATION_COMMENTS = YES;
				CLANG_WARN_EMPTY_BODY = YES;
				CLANG_WARN_ENUM_CONVERSION = YES;
				CLANG_WARN_INFINITE_RECURSION = YES;
				CLANG_WARN_INT_CONVERSION = YES;
				CLANG_WARN_NON_LITERAL_NULL_CONVERSION = YES;
				CLANG_WARN_OBJC_IMPLICIT_RETAIN_SELF = YES;
				CLANG_WARN_OBJC_LITERAL_CONVERSION = YES;
				CLANG_WARN_OBJC_ROOT_CLASS = YES_ERROR;
				CLANG_WARN_QUOTED_INCLUDE_IN_FRAMEWORK_HEADER = YES;
				CLANG_WARN_RANGE_LOOP_ANALYSIS = YES;
				CLANG_WARN_STRICT_PROTOTYPES = YES;
				CLANG_WARN_SUSPICIOUS_MOVE = YES;
				CLANG_WARN_UNGUARDED_AVAILABILITY = YES_AGGRESSIVE;
				CLANG_WARN_UNREACHABLE_CODE = YES;
				CLANG_WARN__DUPLICATE_METHOD_MATCH = YES;
				COPY_PHASE_STRIP = NO;
				DEBUG_INFORMATION_FORMAT = dwarf;
				ENABLE_STRICT_OBJC_MSGSEND = YES;
				ENABLE_TESTABILITY = YES;
				ENABLE_USER_SCRIPT_SANDBOXING = YES;
				GCC_C_LANGUAGE_STANDARD = gnu17;
				GCC_DYNAMIC_NO_PIC = NO;
				GCC_NO_COMMON_BLOCKS = YES;
				GCC_OPTIMIZATION_LEVEL = 0;
				GCC_PREPROCESSOR_DEFINITIONS = (
					"DEBUG=1",
					"$(inherited)",
				);
				GCC_WARN_64_TO_32_BIT_CONVERSION = YES;
				GCC_WARN_ABOUT_RETURN_TYPE = YES_ERROR;
				GCC_WARN_UNDECLARED_SELECTOR = YES;
				GCC_WARN_UNINITIALIZED_AUTOS = YES_AGGRESSIVE;
				GCC_WARN_UNUSED_FUNCTION = YES;
				GCC_WARN_UNUSED_VARIABLE = YES;
				LOCALIZATION_PREFERS_STRING_CATALOGS = YES;
				MTL_ENABLE_DEBUG_INFO = INCLUDE_SOURCE;
				MTL_FAST_MATH = YES;
				ONLY_ACTIVE_ARCH = YES;
				SWIFT_ACTIVE_COMPILATION_CONDITIONS = "DEBUG $(inherited)";
				SWIFT_OPTIMIZATION_LEVEL = "-Onone";
			};
			name = Debug;
		};
		9C12B24A2B16A15C000FB71F /* Release */ = {
			isa = XCBuildConfiguration;
			buildSettings = {
				ALWAYS_SEARCH_USER_PATHS = NO;
				ASSETCATALOG_COMPILER_GENERATE_SWIFT_ASSET_SYMBOL_EXTENSIONS = YES;
				CLANG_ANALYZER_NONNULL = YES;
				CLANG_ANALYZER_NUMBER_OBJECT_CONVERSION = YES_AGGRESSIVE;
				CLANG_CXX_LANGUAGE_STANDARD = "gnu++20";
				CLANG_ENABLE_MODULES = YES;
				CLANG_ENABLE_OBJC_ARC = YES;
				CLANG_ENABLE_OBJC_WEAK = YES;
				CLANG_WARN_BLOCK_CAPTURE_AUTORELEASING = YES;
				CLANG_WARN_BOOL_CONVERSION = YES;
				CLANG_WARN_COMMA = YES;
				CLANG_WARN_CONSTANT_CONVERSION = YES;
				CLANG_WARN_DEPRECATED_OBJC_IMPLEMENTATIONS = YES;
				CLANG_WARN_DIRECT_OBJC_ISA_USAGE = YES_ERROR;
				CLANG_WARN_DOCUMENTATION_COMMENTS = YES;
				CLANG_WARN_EMPTY_BODY = YES;
				CLANG_WARN_ENUM_CONVERSION = YES;
				CLANG_WARN_INFINITE_RECURSION = YES;
				CLANG_WARN_INT_CONVERSION = YES;
				CLANG_WARN_NON_LITERAL_NULL_CONVERSION = YES;
				CLANG_WARN_OBJC_IMPLICIT_RETAIN_SELF = YES;
				CLANG_WARN_OBJC_LITERAL_CONVERSION = YES;
				CLANG_WARN_OBJC_ROOT_CLASS = YES_ERROR;
				CLANG_WARN_QUOTED_INCLUDE_IN_FRAMEWORK_HEADER = YES;
				CLANG_WARN_RANGE_LOOP_ANALYSIS = YES;
				CLANG_WARN_STRICT_PROTOTYPES = YES;
				CLANG_WARN_SUSPICIOUS_MOVE = YES;
				CLANG_WARN_UNGUARDED_AVAILABILITY = YES_AGGRESSIVE;
				CLANG_WARN_UNREACHABLE_CODE = YES;
				CLANG_WARN__DUPLICATE_METHOD_MATCH = YES;
				COPY_PHASE_STRIP = NO;
				DEBUG_INFORMATION_FORMAT = "dwarf-with-dsym";
				ENABLE_NS_ASSERTIONS = NO;
				ENABLE_STRICT_OBJC_MSGSEND = YES;
				ENABLE_USER_SCRIPT_SANDBOXING = YES;
				GCC_C_LANGUAGE_STANDARD = gnu17;
				GCC_NO_COMMON_BLOCKS = YES;
				GCC_WARN_64_TO_32_BIT_CONVERSION = YES;
				GCC_WARN_ABOUT_RETURN_TYPE = YES_ERROR;
				GCC_WARN_UNDECLARED_SELECTOR = YES;
				GCC_WARN_UNINITIALIZED_AUTOS = YES_AGGRESSIVE;
				GCC_WARN_UNUSED_FUNCTION = YES;
				GCC_WARN_UNUSED_VARIABLE = YES;
				LOCALIZATION_PREFERS_STRING_CATALOGS = YES;
				MTL_ENABLE_DEBUG_INFO = NO;
				MTL_FAST_MATH = YES;
				SWIFT_COMPILATION_MODE = wholemodule;
			};
			name = Release;
		};
		9C12B24C2B16A15C000FB71F /* Debug */ = {
			isa = XCBuildConfiguration;
			buildSettings = {
				ASSETCATALOG_COMPILER_APPICON_NAME = AppIcon;
				ASSETCATALOG_COMPILER_GLOBAL_ACCENT_COLOR_NAME = AccentColor;
				CODE_SIGN_ENTITLEMENTS = MangaReader/MangaReader.entitlements;
				"CODE_SIGN_IDENTITY[sdk=macosx*]" = "Apple Development";
				CODE_SIGN_STYLE = Automatic;
				CURRENT_PROJECT_VERSION = 1;
				DEVELOPMENT_ASSET_PATHS = "\"MangaReader/Preview Content\"";
				DEVELOPMENT_TEAM = GC63HV279B;
				ENABLE_HARDENED_RUNTIME = YES;
				ENABLE_PREVIEWS = YES;
				GENERATE_INFOPLIST_FILE = YES;
				INFOPLIST_KEY_LSApplicationCategoryType = "public.app-category.entertainment";
				INFOPLIST_KEY_UIApplicationSceneManifest_Generation = YES;
				"INFOPLIST_KEY_UIApplicationSceneManifest_Generation[sdk=iphoneos*]" = YES;
				"INFOPLIST_KEY_UIApplicationSceneManifest_Generation[sdk=iphonesimulator*]" = YES;
				INFOPLIST_KEY_UIApplicationSupportsIndirectInputEvents = YES;
				"INFOPLIST_KEY_UIApplicationSupportsIndirectInputEvents[sdk=iphoneos*]" = YES;
				"INFOPLIST_KEY_UIApplicationSupportsIndirectInputEvents[sdk=iphonesimulator*]" = YES;
				INFOPLIST_KEY_UILaunchScreen_Generation = YES;
				"INFOPLIST_KEY_UILaunchScreen_Generation[sdk=iphoneos*]" = YES;
				"INFOPLIST_KEY_UILaunchScreen_Generation[sdk=iphonesimulator*]" = YES;
				INFOPLIST_KEY_UIStatusBarStyle = "";
				"INFOPLIST_KEY_UIStatusBarStyle[sdk=iphoneos*]" = UIStatusBarStyleDefault;
				"INFOPLIST_KEY_UIStatusBarStyle[sdk=iphonesimulator*]" = UIStatusBarStyleDefault;
				INFOPLIST_KEY_UISupportedInterfaceOrientations = UIInterfaceOrientationPortrait;
				INFOPLIST_KEY_UISupportedInterfaceOrientations_iPad = "UIInterfaceOrientationLandscapeLeft UIInterfaceOrientationLandscapeRight UIInterfaceOrientationPortrait UIInterfaceOrientationPortraitUpsideDown";
				IPHONEOS_DEPLOYMENT_TARGET = 17.0;
				LD_RUNPATH_SEARCH_PATHS = "@executable_path/Frameworks";
				"LD_RUNPATH_SEARCH_PATHS[sdk=macosx*]" = "@executable_path/../Frameworks";
				MACOSX_DEPLOYMENT_TARGET = 14.0;
				MARKETING_VERSION = 1.0.3;
				PRODUCT_BUNDLE_IDENTIFIER = com.demersdev.mangareader;
				PRODUCT_NAME = "$(TARGET_NAME)";
				SDKROOT = iphoneos;
				SUPPORTED_PLATFORMS = "iphoneos iphonesimulator";
				SUPPORTS_MACCATALYST = NO;
				SUPPORTS_MAC_DESIGNED_FOR_IPHONE_IPAD = NO;
				SWIFT_EMIT_LOC_STRINGS = YES;
				SWIFT_VERSION = 5.0;
				TARGETED_DEVICE_FAMILY = "1,2";
			};
			name = Debug;
		};
		9C12B24D2B16A15C000FB71F /* Release */ = {
			isa = XCBuildConfiguration;
			buildSettings = {
				ASSETCATALOG_COMPILER_APPICON_NAME = AppIcon;
				ASSETCATALOG_COMPILER_GLOBAL_ACCENT_COLOR_NAME = AccentColor;
				CODE_SIGN_ENTITLEMENTS = MangaReader/MangaReader.entitlements;
				"CODE_SIGN_IDENTITY[sdk=macosx*]" = "Apple Development";
				CODE_SIGN_STYLE = Automatic;
				CURRENT_PROJECT_VERSION = 1;
				DEVELOPMENT_ASSET_PATHS = "\"MangaReader/Preview Content\"";
				DEVELOPMENT_TEAM = GC63HV279B;
				ENABLE_HARDENED_RUNTIME = YES;
				ENABLE_PREVIEWS = YES;
				GENERATE_INFOPLIST_FILE = YES;
				INFOPLIST_KEY_LSApplicationCategoryType = "public.app-category.entertainment";
				INFOPLIST_KEY_UIApplicationSceneManifest_Generation = YES;
				"INFOPLIST_KEY_UIApplicationSceneManifest_Generation[sdk=iphoneos*]" = YES;
				"INFOPLIST_KEY_UIApplicationSceneManifest_Generation[sdk=iphonesimulator*]" = YES;
				INFOPLIST_KEY_UIApplicationSupportsIndirectInputEvents = YES;
				"INFOPLIST_KEY_UIApplicationSupportsIndirectInputEvents[sdk=iphoneos*]" = YES;
				"INFOPLIST_KEY_UIApplicationSupportsIndirectInputEvents[sdk=iphonesimulator*]" = YES;
				INFOPLIST_KEY_UILaunchScreen_Generation = YES;
				"INFOPLIST_KEY_UILaunchScreen_Generation[sdk=iphoneos*]" = YES;
				"INFOPLIST_KEY_UILaunchScreen_Generation[sdk=iphonesimulator*]" = YES;
				INFOPLIST_KEY_UIStatusBarStyle = "";
				"INFOPLIST_KEY_UIStatusBarStyle[sdk=iphoneos*]" = UIStatusBarStyleDefault;
				"INFOPLIST_KEY_UIStatusBarStyle[sdk=iphonesimulator*]" = UIStatusBarStyleDefault;
				INFOPLIST_KEY_UISupportedInterfaceOrientations = UIInterfaceOrientationPortrait;
				INFOPLIST_KEY_UISupportedInterfaceOrientations_iPad = "UIInterfaceOrientationLandscapeLeft UIInterfaceOrientationLandscapeRight UIInterfaceOrientationPortrait UIInterfaceOrientationPortraitUpsideDown";
				IPHONEOS_DEPLOYMENT_TARGET = 17.0;
				LD_RUNPATH_SEARCH_PATHS = "@executable_path/Frameworks";
				"LD_RUNPATH_SEARCH_PATHS[sdk=macosx*]" = "@executable_path/../Frameworks";
				MACOSX_DEPLOYMENT_TARGET = 14.0;
				MARKETING_VERSION = 1.0.3;
				PRODUCT_BUNDLE_IDENTIFIER = com.demersdev.mangareader;
				PRODUCT_NAME = "$(TARGET_NAME)";
				SDKROOT = iphoneos;
				SUPPORTED_PLATFORMS = "iphoneos iphonesimulator";
				SUPPORTS_MACCATALYST = NO;
				SUPPORTS_MAC_DESIGNED_FOR_IPHONE_IPAD = NO;
				SWIFT_EMIT_LOC_STRINGS = YES;
				SWIFT_VERSION = 5.0;
				TARGETED_DEVICE_FAMILY = "1,2";
			};
			name = Release;
		};
/* End XCBuildConfiguration section */

/* Begin XCConfigurationList section */
		9C12B2352B16A15B000FB71F /* Build configuration list for PBXProject "MangaReader" */ = {
			isa = XCConfigurationList;
			buildConfigurations = (
				9C12B2492B16A15C000FB71F /* Debug */,
				9C12B24A2B16A15C000FB71F /* Release */,
			);
			defaultConfigurationIsVisible = 0;
			defaultConfigurationName = Release;
		};
		9C12B24B2B16A15C000FB71F /* Build configuration list for PBXNativeTarget "MangaReader" */ = {
			isa = XCConfigurationList;
			buildConfigurations = (
				9C12B24C2B16A15C000FB71F /* Debug */,
				9C12B24D2B16A15C000FB71F /* Release */,
			);
			defaultConfigurationIsVisible = 0;
			defaultConfigurationName = Release;
		};
/* End XCConfigurationList section */

/* Begin XCRemoteSwiftPackageReference section */
		9C12B2642B16C4DA000FB71F /* XCRemoteSwiftPackageReference "WrappingHStack" */ = {
			isa = XCRemoteSwiftPackageReference;
			repositoryURL = "https://github.com/ksemianov/WrappingHStack";
			requirement = {
				kind = upToNextMajorVersion;
				minimumVersion = 0.2.0;
			};
		};
/* End XCRemoteSwiftPackageReference section */

/* Begin XCSwiftPackageProductDependency section */
		9C12B2652B16C4DA000FB71F /* WrappingHStack */ = {
			isa = XCSwiftPackageProductDependency;
			package = 9C12B2642B16C4DA000FB71F /* XCRemoteSwiftPackageReference "WrappingHStack" */;
			productName = WrappingHStack;
		};
/* End XCSwiftPackageProductDependency section */
	};
	rootObject = 9C12B2322B16A15B000FB71F /* Project object */;
}
