{
  "pins" : [
    {
      "identity" : "raygun4apple",
      "kind" : "remoteSourceControl",
      "location" : "https://github.com/MindscapeHQ/raygun4apple",
      "state" : {
        "revision" : "6f629551d81bebc5985b2529d649897511a58e42",
        "version" : "2.0.0"
      }
    },
    {
      "identity" : "wrappinghstack",
      "kind" : "remoteSourceControl",
      "location" : "https://github.com/ksemianov/WrappingHStack",
      "state" : {
        "revision" : "3300f68b6bf5f8a75ee7ca8a40f136a558053d10",
        "version" : "0.2.0"
      }
    }
  ],
  "version" : 2
}
